
Microsoft Visual Studio Solution File, Format Version 12.00
# Visual Studio Version 17
VisualStudioVersion = 17.11.35327.3
MinimumVisualStudioVersion = 10.0.40219.1
Project("{9A19103F-16F7-4668-BE54-9A1E7A4F7556}") = "TrilhaApiDesafio", "TrilhaApiDesafio.csproj", "{DA1EDC90-47A0-4EFB-92AA-672F4EE57BBE}"
EndProject
Global
	GlobalSection(SolutionConfigurationPlatforms) = preSolution
		Debug|Any CPU = Debug|Any CPU
		Release|Any CPU = Release|Any CPU
	EndGlobalSection
	GlobalSection(ProjectConfigurationPlatforms) = postSolution
		{DA1EDC90-47A0-4EFB-92AA-672F4EE57BBE}.Debug|Any CPU.ActiveCfg = Debug|Any CPU
		{DA1EDC90-47A0-4EFB-92AA-672F4EE57BBE}.Debug|Any CPU.Build.0 = Debug|Any CPU
		{DA1EDC90-47A0-4EFB-92AA-672F4EE57BBE}.Release|Any CPU.ActiveCfg = Release|Any CPU
		{DA1EDC90-47A0-4EFB-92AA-672F4EE57BBE}.Release|Any CPU.Build.0 = Release|Any CPU
	EndGlobalSection
	GlobalSection(SolutionProperties) = preSolution
		HideSolutionNode = FALSE
	EndGlobalSection
	GlobalSection(ExtensibilityGlobals) = postSolution
		SolutionGuid = {44F7B79E-5590-442D-9127-5389D6C653CB}
	EndGlobalSection
EndGlobal
